
Microsoft Visual Studio Solution File, Format Version 12.00
# Visual Studio Version 16
VisualStudioVersion = 25.0.1706.13
MinimumVisualStudioVersion = 10.0.40219.1
Project("{FAE04EC0-301F-11D3-BF4B-00C04F79EFBC}") = "SkillFactoryCSharp10Interfaces", "SkillFactoryCSharp10Interfaces\SkillFactoryCSharp10Interfaces.csproj", "{28E8734A-7AB7-4A4F-8EE4-828E435645B4}"
EndProject
Project("{FAE04EC0-301F-11D3-BF4B-00C04F79EFBC}") = "Task1", "Task1\Task1.csproj", "{7F005F55-9487-4ADD-8EBE-CC09BE1788A7}"
EndProject
Project("{FAE04EC0-301F-11D3-BF4B-00C04F79EFBC}") = "Task2", "Task2\Task2.csproj", "{DBC9F39E-D077-4BC9-B9E6-0FE524F7DC16}"
EndProject
Global
	GlobalSection(SolutionConfigurationPlatforms) = preSolution
		Debug|Any CPU = Debug|Any CPU
		Release|Any CPU = Release|Any CPU
	EndGlobalSection
	GlobalSection(ProjectConfigurationPlatforms) = postSolution
		{28E8734A-7AB7-4A4F-8EE4-828E435645B4}.Debug|Any CPU.ActiveCfg = Debug|Any CPU
		{28E8734A-7AB7-4A4F-8EE4-828E435645B4}.Debug|Any CPU.Build.0 = Debug|Any CPU
		{28E8734A-7AB7-4A4F-8EE4-828E435645B4}.Release|Any CPU.ActiveCfg = Release|Any CPU
		{28E8734A-7AB7-4A4F-8EE4-828E435645B4}.Release|Any CPU.Build.0 = Release|Any CPU
		{7F005F55-9487-4ADD-8EBE-CC09BE1788A7}.Debug|Any CPU.ActiveCfg = Debug|Any CPU
		{7F005F55-9487-4ADD-8EBE-CC09BE1788A7}.Debug|Any CPU.Build.0 = Debug|Any CPU
		{7F005F55-9487-4ADD-8EBE-CC09BE1788A7}.Release|Any CPU.ActiveCfg = Release|Any CPU
		{7F005F55-9487-4ADD-8EBE-CC09BE1788A7}.Release|Any CPU.Build.0 = Release|Any CPU
		{DBC9F39E-D077-4BC9-B9E6-0FE524F7DC16}.Debug|Any CPU.ActiveCfg = Debug|Any CPU
		{DBC9F39E-D077-4BC9-B9E6-0FE524F7DC16}.Debug|Any CPU.Build.0 = Debug|Any CPU
		{DBC9F39E-D077-4BC9-B9E6-0FE524F7DC16}.Release|Any CPU.ActiveCfg = Release|Any CPU
		{DBC9F39E-D077-4BC9-B9E6-0FE524F7DC16}.Release|Any CPU.Build.0 = Release|Any CPU
	EndGlobalSection
	GlobalSection(SolutionProperties) = preSolution
		HideSolutionNode = FALSE
	EndGlobalSection
	GlobalSection(ExtensibilityGlobals) = postSolution
		SolutionGuid = {B297C703-E6F6-4133-973E-EA6D56A604EA}
	EndGlobalSection
EndGlobal
